Microsoft Visual Studio Solution File, Format Version 12.00
# Visual Studio Version 17
VisualStudioVersion = 17.13.35931.197
MinimumVisualStudioVersion = 10.0.40219.1
Project("{FAE04EC0-301F-11D3-BF4B-00C04F79EFBC}") = "EjerciciosProgramacion", "EjerciciosProgramacion\EjerciciosProgramacion.csproj", "{DAAC261A-BCF7-4124-8920-68470B836330}"
EndProject
Global
	GlobalSection(SolutionConfigurationPlatforms) = preSolution
		Debug|Any CPU = Debug|Any CPU
		Release|Any CPU = Release|Any CPU
	EndGlobalSection
	GlobalSection(ProjectConfigurationPlatforms) = postSolution
		{DAAC261A-BCF7-4124-8920-68470B836330}.Debug|Any CPU.ActiveCfg = Debug|Any CPU
		{DAAC261A-BCF7-4124-8920-68470B836330}.Debug|Any CPU.Build.0 = Debug|Any CPU
		{DAAC261A-BCF7-4124-8920-68470B836330}.Release|Any CPU.ActiveCfg = Release|Any CPU
		{DAAC261A-BCF7-4124-8920-68470B836330}.Release|Any CPU.Build.0 = Release|Any CPU
	EndGlobalSection
	GlobalSection(SolutionProperties) = preSolution
		HideSolutionNode = FALSE
	EndGlobalSection
	GlobalSection(ExtensibilityGlobals) = postSolution
		SolutionGuid = {E6DA0C0D-49CE-47C2-BE4B-65DEBAE595A2}
	EndGlobalSection
EndGlobal
